
Microsoft Visual Studio Solution File, Format Version 12.00
# Visual Studio Version 17
VisualStudioVersion = 17.12.35707.178
MinimumVisualStudioVersion = 10.0.40219.1
Project("{FAE04EC0-301F-11D3-BF4B-00C04F79EFBC}") = "demo", "demo\demo.csproj", "{2A92BC24-22C5-4116-B439-02EA2FCE2F15}"
EndProject
Project("{FAE04EC0-301F-11D3-BF4B-00C04F79EFBC}") = "01. SortEvenNumbers", "01. SortEvenNumbers\01. SortEvenNumbers.csproj", "{75E7CE24-9A99-4A00-A9CA-378F189EA51E}"
EndProject
Project("{FAE04EC0-301F-11D3-BF4B-00C04F79EFBC}") = "02. SumNumbers", "02. SumNumbers\02. SumNumbers.csproj", "{7D8A3CA4-0DFE-42C6-994E-7F7359ABF675}"
EndProject
Project("{FAE04EC0-301F-11D3-BF4B-00C04F79EFBC}") = "03. CountUppercaseWords", "03. CountUppercaseWords\03. CountUppercaseWords.csproj", "{83BCC552-FA36-494B-9505-48625FC08F6B}"
EndProject
Project("{FAE04EC0-301F-11D3-BF4B-00C04F79EFBC}") = "04. AddVAT", "04. AddVAT\04. AddVAT.csproj", "{77285C88-AA61-4A34-A92D-7591C0A67189}"
EndProject
Project("{FAE04EC0-301F-11D3-BF4B-00C04F79EFBC}") = "05. FilterByAge", "05. FilterByAge\05. FilterByAge.csproj", "{971F8562-858B-481E-8B24-F75640906AB2}"
EndProject
Global
	GlobalSection(SolutionConfigurationPlatforms) = preSolution
		Debug|Any CPU = Debug|Any CPU
		Release|Any CPU = Release|Any CPU
	EndGlobalSection
	GlobalSection(ProjectConfigurationPlatforms) = postSolution
		{2A92BC24-22C5-4116-B439-02EA2FCE2F15}.Debug|Any CPU.ActiveCfg = Debug|Any CPU
		{2A92BC24-22C5-4116-B439-02EA2FCE2F15}.Debug|Any CPU.Build.0 = Debug|Any CPU
		{2A92BC24-22C5-4116-B439-02EA2FCE2F15}.Release|Any CPU.ActiveCfg = Release|Any CPU
		{2A92BC24-22C5-4116-B439-02EA2FCE2F15}.Release|Any CPU.Build.0 = Release|Any CPU
		{75E7CE24-9A99-4A00-A9CA-378F189EA51E}.Debug|Any CPU.ActiveCfg = Debug|Any CPU
		{75E7CE24-9A99-4A00-A9CA-378F189EA51E}.Debug|Any CPU.Build.0 = Debug|Any CPU
		{75E7CE24-9A99-4A00-A9CA-378F189EA51E}.Release|Any CPU.ActiveCfg = Release|Any CPU
		{75E7CE24-9A99-4A00-A9CA-378F189EA51E}.Release|Any CPU.Build.0 = Release|Any CPU
		{7D8A3CA4-0DFE-42C6-994E-7F7359ABF675}.Debug|Any CPU.ActiveCfg = Debug|Any CPU
		{7D8A3CA4-0DFE-42C6-994E-7F7359ABF675}.Debug|Any CPU.Build.0 = Debug|Any CPU
		{7D8A3CA4-0DFE-42C6-994E-7F7359ABF675}.Release|Any CPU.ActiveCfg = Release|Any CPU
		{7D8A3CA4-0DFE-42C6-994E-7F7359ABF675}.Release|Any CPU.Build.0 = Release|Any CPU
		{83BCC552-FA36-494B-9505-48625FC08F6B}.Debug|Any CPU.ActiveCfg = Debug|Any CPU
		{83BCC552-FA36-494B-9505-48625FC08F6B}.Debug|Any CPU.Build.0 = Debug|Any CPU
		{83BCC552-FA36-494B-9505-48625FC08F6B}.Release|Any CPU.ActiveCfg = Release|Any CPU
		{83BCC552-FA36-494B-9505-48625FC08F6B}.Release|Any CPU.Build.0 = Release|Any CPU
		{77285C88-AA61-4A34-A92D-7591C0A67189}.Debug|Any CPU.ActiveCfg = Debug|Any CPU
		{77285C88-AA61-4A34-A92D-7591C0A67189}.Debug|Any CPU.Build.0 = Debug|Any CPU
		{77285C88-AA61-4A34-A92D-7591C0A67189}.Release|Any CPU.ActiveCfg = Release|Any CPU
		{77285C88-AA61-4A34-A92D-7591C0A67189}.Release|Any CPU.Build.0 = Release|Any CPU
		{971F8562-858B-481E-8B24-F75640906AB2}.Debug|Any CPU.ActiveCfg = Debug|Any CPU
		{971F8562-858B-481E-8B24-F75640906AB2}.Debug|Any CPU.Build.0 = Debug|Any CPU
		{971F8562-858B-481E-8B24-F75640906AB2}.Release|Any CPU.ActiveCfg = Release|Any CPU
		{971F8562-858B-481E-8B24-F75640906AB2}.Release|Any CPU.Build.0 = Release|Any CPU
	EndGlobalSection
	GlobalSection(SolutionProperties) = preSolution
		HideSolutionNode = FALSE
	EndGlobalSection
EndGlobal
